<?xml version="1.0" encoding="utf-8"?>
<Project ToolsVersion="4.0" xmlns="http://schemas.microsoft.com/developer/msbuild/2003">
  <ItemGroup>
    <Filter Include="原始程式檔">
      <UniqueIdentifier>{4FC737F1-C7A5-4376-A066-2A32D752A2FF}</UniqueIdentifier>
      <Extensions>cpp;c;cc;cxx;def;odl;idl;hpj;bat;asm;asmx</Extensions>
    </Filter>
    <Filter Include="標頭檔">
      <UniqueIdentifier>{93995380-89BD-4b04-88EB-625FBE52EBFB}</UniqueIdentifier>
      <Extensions>h;hpp;hxx;hm;inl;inc;xsd</Extensions>
    </Filter>
    <Filter Include="資源檔">
      <UniqueIdentifier>{67DA6AB6-F800-4c08-8B7A-83BB121AAD01}</UniqueIdentifier>
      <Extensions>rc;ico;cur;bmp;dlg;rc2;rct;bin;rgs;gif;jpg;jpeg;jpe;resx;tiff;tif;png;wav;mfcribbon-ms</Extensions>
    </Filter>
  </ItemGroup>
  <ItemGroup>
    <ClInclude Include="BaseLayer.h">
      <Filter>標頭檔</Filter>
    </ClInclude>
    <ClInclude Include="LayerEnum.h">
      <Filter>標頭檔</Filter>
    </ClInclude>
    <ClInclude Include="LayerParam.h">
      <Filter>標頭檔</Filter>
    </ClInclude>
    <ClInclude Include="Layers.h">
      <Filter>標頭檔</Filter>
    </ClInclude>
    <ClInclude Include="DataBlob.h">
      <Filter>標頭檔</Filter>
    </ClInclude>
    <ClInclude Include="LossLayers.h">
      <Filter>標頭檔</Filter>
    </ClInclude>
    <ClInclude Include="LossLayerParam.h">
      <Filter>標頭檔</Filter>
    </ClInclude>
    <ClInclude Include="VisionLayers.h">
      <Filter>標頭檔</Filter>
    </ClInclude>
    <ClInclude Include="VisionLayerParam.h">
      <Filter>標頭檔</Filter>
    </ClInclude>
    <ClInclude Include="CommonLayers.h">
      <Filter>標頭檔</Filter>
    </ClInclude>
    <ClInclude Include="CommonLayerParam.h">
      <Filter>標頭檔</Filter>
    </ClInclude>
    <ClInclude Include="DataLayerParam.h">
      <Filter>標頭檔</Filter>
    </ClInclude>
    <ClInclude Include="DataLayers.h">
      <Filter>標頭檔</Filter>
    </ClInclude>
    <ClInclude Include="NeuronLayers.h">
      <Filter>標頭檔</Filter>
    </ClInclude>
    <ClInclude Include="NeuronLayerParam.h">
      <Filter>標頭檔</Filter>
    </ClInclude>
  </ItemGroup>
  <ItemGroup>
    <ClCompile Include="BaseLayer.cpp">
      <Filter>原始程式檔</Filter>
    </ClCompile>
    <ClCompile Include="ConvolutionLayer.cpp">
      <Filter>原始程式檔</Filter>
    </ClCompile>
    <ClCompile Include="ConvolutionParam.cpp">
      <Filter>原始程式檔</Filter>
    </ClCompile>
    <ClCompile Include="ContrastiveLossParam.cpp">
      <Filter>原始程式檔</Filter>
    </ClCompile>
    <ClCompile Include="ContrastiveLossLayer.cpp">
      <Filter>原始程式檔</Filter>
    </ClCompile>
    <ClCompile Include="HingeLossParam.cpp">
      <Filter>原始程式檔</Filter>
    </ClCompile>
    <ClCompile Include="HingeLossLayer.cpp">
      <Filter>原始程式檔</Filter>
    </ClCompile>
    <ClCompile Include="MemoryDataLayer.cpp">
      <Filter>原始程式檔</Filter>
    </ClCompile>
    <ClCompile Include="MemoryDataParam.cpp">
      <Filter>原始程式檔</Filter>
    </ClCompile>
    <ClCompile Include="DataBlob.cpp">
      <Filter>原始程式檔</Filter>
    </ClCompile>
    <ClCompile Include="PoolingLayer.cpp">
      <Filter>原始程式檔</Filter>
    </ClCompile>
    <ClCompile Include="PoolingParam.cpp">
      <Filter>原始程式檔</Filter>
    </ClCompile>
    <ClCompile Include="InfogainLossParam.cpp">
      <Filter>原始程式檔</Filter>
    </ClCompile>
    <ClCompile Include="InfogainLossLayer.cpp">
      <Filter>原始程式檔</Filter>
    </ClCompile>
    <ClCompile Include="OtherParam.cpp">
      <Filter>原始程式檔</Filter>
    </ClCompile>
    <ClCompile Include="AccuaryLayer.cpp">
      <Filter>原始程式檔</Filter>
    </ClCompile>
    <ClCompile Include="AccuracyParam.cpp">
      <Filter>原始程式檔</Filter>
    </ClCompile>
    <ClCompile Include="SPPLayer.cpp">
      <Filter>原始程式檔</Filter>
    </ClCompile>
    <ClCompile Include="SPPParam.cpp">
      <Filter>原始程式檔</Filter>
    </ClCompile>
    <ClCompile Include="DataParam.cpp">
      <Filter>原始程式檔</Filter>
    </ClCompile>
    <ClCompile Include="MVNParam.cpp">
      <Filter>原始程式檔</Filter>
    </ClCompile>
    <ClCompile Include="MVNLayer.cpp">
      <Filter>原始程式檔</Filter>
    </ClCompile>
    <ClCompile Include="ReshapeParam.cpp">
      <Filter>原始程式檔</Filter>
    </ClCompile>
    <ClCompile Include="ReshapeLayer.cpp">
      <Filter>原始程式檔</Filter>
    </ClCompile>
    <ClCompile Include="LRNLayer.cpp">
      <Filter>原始程式檔</Filter>
    </ClCompile>
    <ClCompile Include="LRNParam.cpp">
      <Filter>原始程式檔</Filter>
    </ClCompile>
    <ClCompile Include="ImageDataLayer.cpp">
      <Filter>原始程式檔</Filter>
    </ClCompile>
    <ClCompile Include="ImageDataParam.cpp">
      <Filter>原始程式檔</Filter>
    </ClCompile>
    <ClCompile Include="DataLayer.cpp">
      <Filter>原始程式檔</Filter>
    </ClCompile>
    <ClCompile Include="ReductionParam.cpp">
      <Filter>原始程式檔</Filter>
    </ClCompile>
    <ClCompile Include="ReductionLayer.cpp">
      <Filter>原始程式檔</Filter>
    </ClCompile>
    <ClCompile Include="WindowDataLayer.cpp">
      <Filter>原始程式檔</Filter>
    </ClCompile>
    <ClCompile Include="WindowDataParam.cpp">
      <Filter>原始程式檔</Filter>
    </ClCompile>
    <ClCompile Include="SliceParam.cpp">
      <Filter>原始程式檔</Filter>
    </ClCompile>
    <ClCompile Include="SliceLayer.cpp">
      <Filter>原始程式檔</Filter>
    </ClCompile>
    <ClCompile Include="SoftMaxParam.cpp">
      <Filter>原始程式檔</Filter>
    </ClCompile>
    <ClCompile Include="SoftMaxLayer.cpp">
      <Filter>原始程式檔</Filter>
    </ClCompile>
    <ClCompile Include="InnerProductParam.cpp">
      <Filter>原始程式檔</Filter>
    </ClCompile>
    <ClCompile Include="InnerProductLayer.cpp">
      <Filter>原始程式檔</Filter>
    </ClCompile>
    <ClCompile Include="FlattenParam.cpp">
      <Filter>原始程式檔</Filter>
    </ClCompile>
    <ClCompile Include="FlattenLayer.cpp">
      <Filter>原始程式檔</Filter>
    </ClCompile>
    <ClCompile Include="HDF5DataLayer.cpp">
      <Filter>原始程式檔</Filter>
    </ClCompile>
    <ClCompile Include="HDF5DataParam.cpp">
      <Filter>原始程式檔</Filter>
    </ClCompile>
    <ClCompile Include="HDF5OutputLayer.cpp">
      <Filter>原始程式檔</Filter>
    </ClCompile>
    <ClCompile Include="HDF5OutputParam.cpp">
      <Filter>原始程式檔</Filter>
    </ClCompile>
    <ClCompile Include="EltwiseParam.cpp">
      <Filter>原始程式檔</Filter>
    </ClCompile>
    <ClCompile Include="EltwiseLayer.cpp">
      <Filter>原始程式檔</Filter>
    </ClCompile>
    <ClCompile Include="ConcatParam.cpp">
      <Filter>原始程式檔</Filter>
    </ClCompile>
    <ClCompile Include="ConcatLayer.cpp">
      <Filter>原始程式檔</Filter>
    </ClCompile>
    <ClCompile Include="ArgMaxParam.cpp">
      <Filter>原始程式檔</Filter>
    </ClCompile>
    <ClCompile Include="ArgMaxLayer.cpp">
      <Filter>原始程式檔</Filter>
    </ClCompile>
    <ClCompile Include="PReLUParam.cpp">
      <Filter>原始程式檔</Filter>
    </ClCompile>
    <ClCompile Include="PReLULayer.cpp">
      <Filter>原始程式檔</Filter>
    </ClCompile>
    <ClCompile Include="ThresholdParam.cpp">
      <Filter>原始程式檔</Filter>
    </ClCompile>
    <ClCompile Include="ThresholdLayer.cpp">
      <Filter>原始程式檔</Filter>
    </ClCompile>
    <ClCompile Include="TanHParam.cpp">
      <Filter>原始程式檔</Filter>
    </ClCompile>
    <ClCompile Include="TanHLayer.cpp">
      <Filter>原始程式檔</Filter>
    </ClCompile>
    <ClCompile Include="SigmoidParam.cpp">
      <Filter>原始程式檔</Filter>
    </ClCompile>
    <ClCompile Include="SigmoidLayer.cpp">
      <Filter>原始程式檔</Filter>
    </ClCompile>
    <ClCompile Include="ReLUParam.cpp">
      <Filter>原始程式檔</Filter>
    </ClCompile>
    <ClCompile Include="ReLULayer.cpp">
      <Filter>原始程式檔</Filter>
    </ClCompile>
    <ClCompile Include="PowerParam.cpp">
      <Filter>原始程式檔</Filter>
    </ClCompile>
    <ClCompile Include="PowerLayer.cpp">
      <Filter>原始程式檔</Filter>
    </ClCompile>
    <ClCompile Include="DropoutParam.cpp">
      <Filter>原始程式檔</Filter>
    </ClCompile>
    <ClCompile Include="DropoutLayer.cpp">
      <Filter>原始程式檔</Filter>
    </ClCompile>
    <ClCompile Include="ExpParam.cpp">
      <Filter>原始程式檔</Filter>
    </ClCompile>
    <ClCompile Include="LogParam.cpp">
      <Filter>原始程式檔</Filter>
    </ClCompile>
    <ClCompile Include="ExpLayer.cpp">
      <Filter>原始程式檔</Filter>
    </ClCompile>
    <ClCompile Include="LogLayer.cpp">
      <Filter>原始程式檔</Filter>
    </ClCompile>
    <ClCompile Include="DummyDataParam.cpp">
      <Filter>原始程式檔</Filter>
    </ClCompile>
    <ClCompile Include="DummyDataLayer.cpp">
      <Filter>原始程式檔</Filter>
    </ClCompile>
    <ClCompile Include="test\main.cpp">
      <Filter>原始程式檔</Filter>
    </ClCompile>
  </ItemGroup>
  <ItemGroup>
    <None Include="Makefile" />
  </ItemGroup>
</Project>